
Microsoft Visual Studio Solution File, Format Version 12.00
# Visual Studio Version 17
VisualStudioVersion = 17.8.34330.188
MinimumVisualStudioVersion = 10.0.40219.1
Project("{FAE04EC0-301F-11D3-BF4B-00C04F79EFBC}") = "Pratice", "Pratice\Pratice.csproj", "{9C9131FB-36FA-437C-BBC1-A4C0596CDC97}"
EndProject
Global
	GlobalSection(SolutionConfigurationPlatforms) = preSolution
		Debug|Any CPU = Debug|Any CPU
		Release|Any CPU = Release|Any CPU
	EndGlobalSection
	GlobalSection(ProjectConfigurationPlatforms) = postSolution
		{9C9131FB-36FA-437C-BBC1-A4C0596CDC97}.Debug|Any CPU.ActiveCfg = Debug|Any CPU
		{9C9131FB-36FA-437C-BBC1-A4C0596CDC97}.Debug|Any CPU.Build.0 = Debug|Any CPU
		{9C9131FB-36FA-437C-BBC1-A4C0596CDC97}.Release|Any CPU.ActiveCfg = Release|Any CPU
		{9C9131FB-36FA-437C-BBC1-A4C0596CDC97}.Release|Any CPU.Build.0 = Release|Any CPU
	EndGlobalSection
	GlobalSection(SolutionProperties) = preSolution
		HideSolutionNode = FALSE
	EndGlobalSection
	GlobalSection(ExtensibilityGlobals) = postSolution
		SolutionGuid = {7526EF38-A113-4F7D-B16B-0A9EDF203599}
	EndGlobalSection
EndGlobal
